// !$*UTF8*$!
{
	archiveVersion = 1;
	classes = {
	};
	objectVersion = 48;
	objects = {

/* Begin PBXBuildFile section */
		9576DC13206B0E15006F55F0 /* AppDelegate.swift in Sources */ = {isa = PBXBuildFile; fileRef = 9576DC12206B0E15006F55F0 /* AppDelegate.swift */; };
		9576DC15206B0E15006F55F0 /* BattleViewController.swift in Sources */ = {isa = PBXBuildFile; fileRef = 9576DC14206B0E15006F55F0 /* BattleViewController.swift */; };
		9576DC18206B0E15006F55F0 /* Main.storyboard in Resources */ = {isa = PBXBuildFile; fileRef = 9576DC16206B0E15006F55F0 /* Main.storyboard */; };
		9576DC1A206B0E15006F55F0 /* Assets.xcassets in Resources */ = {isa = PBXBuildFile; fileRef = 9576DC19206B0E15006F55F0 /* Assets.xcassets */; };
		9576DC1D206B0E15006F55F0 /* LaunchScreen.storyboard in Resources */ = {isa = PBXBuildFile; fileRef = 9576DC1B206B0E15006F55F0 /* LaunchScreen.storyboard */; };
		9576DC25206B0E3D006F55F0 /* Transformer.swift in Sources */ = {isa = PBXBuildFile; fileRef = 9576DC24206B0E3D006F55F0 /* Transformer.swift */; };
		9576DC29206B103C006F55F0 /* Utilties.swift in Sources */ = {isa = PBXBuildFile; fileRef = 9576DC28206B103C006F55F0 /* Utilties.swift */; };
		9576DC2B206B115A006F55F0 /* Battle.swift in Sources */ = {isa = PBXBuildFile; fileRef = 9576DC2A206B115A006F55F0 /* Battle.swift */; };
		9576DC2F206B330B006F55F0 /* Test.swift in Sources */ = {isa = PBXBuildFile; fileRef = 9576DC2E206B330B006F55F0 /* Test.swift */; };
		9576DC34206B4C5F006F55F0 /* TransformerTableViewCell.swift in Sources */ = {isa = PBXBuildFile; fileRef = 9576DC33206B4C5F006F55F0 /* TransformerTableViewCell.swift */; };
		9576DC36206B5294006F55F0 /* BotViewController.swift in Sources */ = {isa = PBXBuildFile; fileRef = 9576DC35206B5294006F55F0 /* BotViewController.swift */; };
		9576DC38206B5570006F55F0 /* StatPickerTableViewCell.swift in Sources */ = {isa = PBXBuildFile; fileRef = 9576DC37206B5570006F55F0 /* StatPickerTableViewCell.swift */; };
		9576DC3A206B5D87006F55F0 /* TestSkirmish.swift in Sources */ = {isa = PBXBuildFile; fileRef = 9576DC39206B5D87006F55F0 /* TestSkirmish.swift */; };
/* End PBXBuildFile section */

/* Begin PBXFileReference section */
		9576DC0F206B0E15006F55F0 /* Transformers.app */ = {isa = PBXFileReference; explicitFileType = wrapper.application; includeInIndex = 0; path = Transformers.app; sourceTree = BUILT_PRODUCTS_DIR; };
		9576DC12206B0E15006F55F0 /* AppDelegate.swift */ = {isa = PBXFileReference; lastKnownFileType = sourcecode.swift; path = AppDelegate.swift; sourceTree = "<group>"; };
		9576DC14206B0E15006F55F0 /* BattleViewController.swift */ = {isa = PBXFileReference; lastKnownFileType = sourcecode.swift; path = BattleViewController.swift; sourceTree = "<group>"; };
		9576DC17206B0E15006F55F0 /* Base */ = {isa = PBXFileReference; lastKnownFileType = file.storyboard; name = Base; path = Base.lproj/Main.storyboard; sourceTree = "<group>"; };
		9576DC19206B0E15006F55F0 /* Assets.xcassets */ = {isa = PBXFileReference; lastKnownFileType = folder.assetcatalog; path = Assets.xcassets; sourceTree = "<group>"; };
		9576DC1C206B0E15006F55F0 /* Base */ = {isa = PBXFileReference; lastKnownFileType = file.storyboard; name = Base; path = Base.lproj/LaunchScreen.storyboard; sourceTree = "<group>"; };
		9576DC1E206B0E15006F55F0 /* Info.plist */ = {isa = PBXFileReference; lastKnownFileType = text.plist.xml; path = Info.plist; sourceTree = "<group>"; };
		9576DC24206B0E3D006F55F0 /* Transformer.swift */ = {isa = PBXFileReference; lastKnownFileType = sourcecode.swift; path = Transformer.swift; sourceTree = "<group>"; };
		9576DC28206B103C006F55F0 /* Utilties.swift */ = {isa = PBXFileReference; lastKnownFileType = sourcecode.swift; path = Utilties.swift; sourceTree = "<group>"; };
		9576DC2A206B115A006F55F0 /* Battle.swift */ = {isa = PBXFileReference; lastKnownFileType = sourcecode.swift; path = Battle.swift; sourceTree = "<group>"; };
		9576DC2E206B330B006F55F0 /* Test.swift */ = {isa = PBXFileReference; lastKnownFileType = sourcecode.swift; path = Test.swift; sourceTree = "<group>"; };
		9576DC33206B4C5F006F55F0 /* TransformerTableViewCell.swift */ = {isa = PBXFileReference; lastKnownFileType = sourcecode.swift; path = TransformerTableViewCell.swift; sourceTree = "<group>"; };
		9576DC35206B5294006F55F0 /* BotViewController.swift */ = {isa = PBXFileReference; lastKnownFileType = sourcecode.swift; path = BotViewController.swift; sourceTree = "<group>"; };
		9576DC37206B5570006F55F0 /* StatPickerTableViewCell.swift */ = {isa = PBXFileReference; lastKnownFileType = sourcecode.swift; path = StatPickerTableViewCell.swift; sourceTree = "<group>"; };
		9576DC39206B5D87006F55F0 /* TestSkirmish.swift */ = {isa = PBXFileReference; lastKnownFileType = sourcecode.swift; path = TestSkirmish.swift; sourceTree = "<group>"; };
/* End PBXFileReference section */

/* Begin PBXFrameworksBuildPhase section */
		9576DC0C206B0E15006F55F0 /* Frameworks */ = {
			isa = PBXFrameworksBuildPhase;
			buildActionMask = 2147483647;
			files = (
			);
			runOnlyForDeploymentPostprocessing = 0;
		};
/* End PBXFrameworksBuildPhase section */

/* Begin PBXGroup section */
		9576DC06206B0E15006F55F0 = {
			isa = PBXGroup;
			children = (
				9576DC26206B0E46006F55F0 /* Models */,
				9576DC30206B4BF3006F55F0 /* Views */,
				9576DC27206B1025006F55F0 /* Utilities */,
				9576DC11206B0E15006F55F0 /* Transformers */,
				9576DC10206B0E15006F55F0 /* Products */,
			);
			sourceTree = "<group>";
		};
		9576DC10206B0E15006F55F0 /* Products */ = {
			isa = PBXGroup;
			children = (
				9576DC0F206B0E15006F55F0 /* Transformers.app */,
			);
			name = Products;
			sourceTree = "<group>";
		};
		9576DC11206B0E15006F55F0 /* Transformers */ = {
			isa = PBXGroup;
			children = (
				9576DC12206B0E15006F55F0 /* AppDelegate.swift */,
				9576DC16206B0E15006F55F0 /* Main.storyboard */,
				9576DC19206B0E15006F55F0 /* Assets.xcassets */,
				9576DC1B206B0E15006F55F0 /* LaunchScreen.storyboard */,
				9576DC1E206B0E15006F55F0 /* Info.plist */,
			);
			path = Transformers;
			sourceTree = "<group>";
		};
		9576DC26206B0E46006F55F0 /* Models */ = {
			isa = PBXGroup;
			children = (
				9576DC24206B0E3D006F55F0 /* Transformer.swift */,
				9576DC2A206B115A006F55F0 /* Battle.swift */,
				9576DC2E206B330B006F55F0 /* Test.swift */,
				9576DC39206B5D87006F55F0 /* TestSkirmish.swift */,
			);
			path = Models;
			sourceTree = "<group>";
		};
		9576DC27206B1025006F55F0 /* Utilities */ = {
			isa = PBXGroup;
			children = (
				9576DC28206B103C006F55F0 /* Utilties.swift */,
			);
			path = Utilities;
			sourceTree = "<group>";
		};
		9576DC30206B4BF3006F55F0 /* Views */ = {
			isa = PBXGroup;
			children = (
				9576DC14206B0E15006F55F0 /* BattleViewController.swift */,
				9576DC33206B4C5F006F55F0 /* TransformerTableViewCell.swift */,
				9576DC35206B5294006F55F0 /* BotViewController.swift */,
				9576DC37206B5570006F55F0 /* StatPickerTableViewCell.swift */,
			);
			path = Views;
			sourceTree = "<group>";
		};
/* End PBXGroup section */

/* Begin PBXNativeTarget section */
		9576DC0E206B0E15006F55F0 /* Transformers */ = {
			isa = PBXNativeTarget;
			buildConfigurationList = 9576DC21206B0E15006F55F0 /* Build configuration list for PBXNativeTarget "Transformers" */;
			buildPhases = (
				9576DC0B206B0E15006F55F0 /* Sources */,
				9576DC0C206B0E15006F55F0 /* Frameworks */,
				9576DC0D206B0E15006F55F0 /* Resources */,
			);
			buildRules = (
			);
			dependencies = (
			);
			name = Transformers;
			productName = Transformers;
			productReference = 9576DC0F206B0E15006F55F0 /* Transformers.app */;
			productType = "com.apple.product-type.application";
		};
/* End PBXNativeTarget section */

/* Begin PBXProject section */
		9576DC07206B0E15006F55F0 /* Project object */ = {
			isa = PBXProject;
			attributes = {
				LastSwiftUpdateCheck = 0920;
				LastUpgradeCheck = 0920;
				ORGANIZATIONNAME = "Rifaz Iqbal";
				TargetAttributes = {
					9576DC0E206B0E15006F55F0 = {
						CreatedOnToolsVersion = 9.2;
						ProvisioningStyle = Automatic;
					};
				};
			};
			buildConfigurationList = 9576DC0A206B0E15006F55F0 /* Build configuration list for PBXProject "Transformers" */;
			compatibilityVersion = "Xcode 8.0";
			developmentRegion = en;
			hasScannedForEncodings = 0;
			knownRegions = (
				en,
				Base,
			);
			mainGroup = 9576DC06206B0E15006F55F0;
			productRefGroup = 9576DC10206B0E15006F55F0 /* Products */;
			projectDirPath = "";
			projectRoot = "";
			targets = (
				9576DC0E206B0E15006F55F0 /* Transformers */,
			);
		};
/* End PBXProject section */

/* Begin PBXResourcesBuildPhase section */
		9576DC0D206B0E15006F55F0 /* Resources */ = {
			isa = PBXResourcesBuildPhase;
			buildActionMask = 2147483647;
			files = (
				9576DC1D206B0E15006F55F0 /* LaunchScreen.storyboard in Resources */,
				9576DC1A206B0E15006F55F0 /* Assets.xcassets in Resources */,
				9576DC18206B0E15006F55F0 /* Main.storyboard in Resources */,
			);
			runOnlyForDeploymentPostprocessing = 0;
		};
/* End PBXResourcesBuildPhase section */

/* Begin PBXSourcesBuildPhase section */
		9576DC0B206B0E15006F55F0 /* Sources */ = {
			isa = PBXSourcesBuildPhase;
			buildActionMask = 2147483647;
			files = (
				9576DC38206B5570006F55F0 /* StatPickerTableViewCell.swift in Sources */,
				9576DC29206B103C006F55F0 /* Utilties.swift in Sources */,
				9576DC2F206B330B006F55F0 /* Test.swift in Sources */,
				9576DC34206B4C5F006F55F0 /* TransformerTableViewCell.swift in Sources */,
				9576DC36206B5294006F55F0 /* BotViewController.swift in Sources */,
				9576DC3A206B5D87006F55F0 /* TestSkirmish.swift in Sources */,
				9576DC15206B0E15006F55F0 /* BattleViewController.swift in Sources */,
				9576DC25206B0E3D006F55F0 /* Transformer.swift in Sources */,
				9576DC2B206B115A006F55F0 /* Battle.swift in Sources */,
				9576DC13206B0E15006F55F0 /* AppDelegate.swift in Sources */,
			);
			runOnlyForDeploymentPostprocessing = 0;
		};
/* End PBXSourcesBuildPhase section */

/* Begin PBXVariantGroup section */
		9576DC16206B0E15006F55F0 /* Main.storyboard */ = {
			isa = PBXVariantGroup;
			children = (
				9576DC17206B0E15006F55F0 /* Base */,
			);
			name = Main.storyboard;
			sourceTree = "<group>";
		};
		9576DC1B206B0E15006F55F0 /* LaunchScreen.storyboard */ = {
			isa = PBXVariantGroup;
			children = (
				9576DC1C206B0E15006F55F0 /* Base */,
			);
			name = LaunchScreen.storyboard;
			sourceTree = "<group>";
		};
/* End PBXVariantGroup section */

/* Begin XCBuildConfiguration section */
		9576DC1F206B0E15006F55F0 /* Debug */ = {
			isa = XCBuildConfiguration;
			buildSettings = {
				ALWAYS_SEARCH_USER_PATHS = NO;
				CLANG_ANALYZER_NONNULL = YES;
				CLANG_ANALYZER_NUMBER_OBJECT_CONVERSION = YES_AGGRESSIVE;
				CLANG_CXX_LANGUAGE_STANDARD = "gnu++14";
				CLANG_CXX_LIBRARY = "libc++";
				CLANG_ENABLE_MODULES = YES;
				CLANG_ENABLE_OBJC_ARC = YES;
				CLANG_WARN_BLOCK_CAPTURE_AUTORELEASING = YES;
				CLANG_WARN_BOOL_CONVERSION = YES;
				CLANG_WARN_COMMA = YES;
				CLANG_WARN_CONSTANT_CONVERSION = YES;
				CLANG_WARN_DIRECT_OBJC_ISA_USAGE = YES_ERROR;
				CLANG_WARN_DOCUMENTATION_COMMENTS = YES;
				CLANG_WARN_EMPTY_BODY = YES;
				CLANG_WARN_ENUM_CONVERSION = YES;
				CLANG_WARN_INFINITE_RECURSION = YES;
				CLANG_WARN_INT_CONVERSION = YES;
				CLANG_WARN_NON_LITERAL_NULL_CONVERSION = YES;
				CLANG_WARN_OBJC_LITERAL_CONVERSION = YES;
				CLANG_WARN_OBJC_ROOT_CLASS = YES_ERROR;
				CLANG_WARN_RANGE_LOOP_ANALYSIS = YES;
				CLANG_WARN_STRICT_PROTOTYPES = YES;
				CLANG_WARN_SUSPICIOUS_MOVE = YES;
				CLANG_WARN_UNGUARDED_AVAILABILITY = YES_AGGRESSIVE;
				CLANG_WARN_UNREACHABLE_CODE = YES;
				CLANG_WARN__DUPLICATE_METHOD_MATCH = YES;
				CODE_SIGN_IDENTITY = "iPhone Developer";
				COPY_PHASE_STRIP = NO;
				DEBUG_INFORMATION_FORMAT = dwarf;
				ENABLE_STRICT_OBJC_MSGSEND = YES;
				ENABLE_TESTABILITY = YES;
				GCC_C_LANGUAGE_STANDARD = gnu11;
				GCC_DYNAMIC_NO_PIC = NO;
				GCC_NO_COMMON_BLOCKS = YES;
				GCC_OPTIMIZATION_LEVEL = 0;
				GCC_PREPROCESSOR_DEFINITIONS = (
					"DEBUG=1",
					"$(inherited)",
				);
				GCC_WARN_64_TO_32_BIT_CONVERSION = YES;
				GCC_WARN_ABOUT_RETURN_TYPE = YES_ERROR;
				GCC_WARN_UNDECLARED_SELECTOR = YES;
				GCC_WARN_UNINITIALIZED_AUTOS = YES_AGGRESSIVE;
				GCC_WARN_UNUSED_FUNCTION = YES;
				GCC_WARN_UNUSED_VARIABLE = YES;
				IPHONEOS_DEPLOYMENT_TARGET = 11.2;
				MTL_ENABLE_DEBUG_INFO = YES;
				ONLY_ACTIVE_ARCH = YES;
				SDKROOT = iphoneos;
				SWIFT_ACTIVE_COMPILATION_CONDITIONS = DEBUG;
				SWIFT_OPTIMIZATION_LEVEL = "-Onone";
			};
			name = Debug;
		};
		9576DC20206B0E15006F55F0 /* Release */ = {
			isa = XCBuildConfiguration;
			buildSettings = {
				ALWAYS_SEARCH_USER_PATHS = NO;
				CLANG_ANALYZER_NONNULL = YES;
				CLANG_ANALYZER_NUMBER_OBJECT_CONVERSION = YES_AGGRESSIVE;
				CLANG_CXX_LANGUAGE_STANDARD = "gnu++14";
				CLANG_CXX_LIBRARY = "libc++";
				CLANG_ENABLE_MODULES = YES;
				CLANG_ENABLE_OBJC_ARC = YES;
				CLANG_WARN_BLOCK_CAPTURE_AUTORELEASING = YES;
				CLANG_WARN_BOOL_CONVERSION = YES;
				CLANG_WARN_COMMA = YES;
				CLANG_WARN_CONSTANT_CONVERSION = YES;
				CLANG_WARN_DIRECT_OBJC_ISA_USAGE = YES_ERROR;
				CLANG_WARN_DOCUMENTATION_COMMENTS = YES;
				CLANG_WARN_EMPTY_BODY = YES;
				CLANG_WARN_ENUM_CONVERSION = YES;
				CLANG_WARN_INFINITE_RECURSION = YES;
				CLANG_WARN_INT_CONVERSION = YES;
				CLANG_WARN_NON_LITERAL_NULL_CONVERSION = YES;
				CLANG_WARN_OBJC_LITERAL_CONVERSION = YES;
				CLANG_WARN_OBJC_ROOT_CLASS = YES_ERROR;
				CLANG_WARN_RANGE_LOOP_ANALYSIS = YES;
				CLANG_WARN_STRICT_PROTOTYPES = YES;
				CLANG_WARN_SUSPICIOUS_MOVE = YES;
				CLANG_WARN_UNGUARDED_AVAILABILITY = YES_AGGRESSIVE;
				CLANG_WARN_UNREACHABLE_CODE = YES;
				CLANG_WARN__DUPLICATE_METHOD_MATCH = YES;
				CODE_SIGN_IDENTITY = "iPhone Developer";
				COPY_PHASE_STRIP = NO;
				DEBUG_INFORMATION_FORMAT = "dwarf-with-dsym";
				ENABLE_NS_ASSERTIONS = NO;
				ENABLE_STRICT_OBJC_MSGSEND = YES;
				GCC_C_LANGUAGE_STANDARD = gnu11;
				GCC_NO_COMMON_BLOCKS = YES;
				GCC_WARN_64_TO_32_BIT_CONVERSION = YES;
				GCC_WARN_ABOUT_RETURN_TYPE = YES_ERROR;
				GCC_WARN_UNDECLARED_SELECTOR = YES;
				GCC_WARN_UNINITIALIZED_AUTOS = YES_AGGRESSIVE;
				GCC_WARN_UNUSED_FUNCTION = YES;
				GCC_WARN_UNUSED_VARIABLE = YES;
				IPHONEOS_DEPLOYMENT_TARGET = 11.2;
				MTL_ENABLE_DEBUG_INFO = NO;
				SDKROOT = iphoneos;
				SWIFT_OPTIMIZATION_LEVEL = "-Owholemodule";
				VALIDATE_PRODUCT = YES;
			};
			name = Release;
		};
		9576DC22206B0E15006F55F0 /* Debug */ = {
			isa = XCBuildConfiguration;
			buildSettings = {
				ASSETCATALOG_COMPILER_APPICON_NAME = AppIcon;
				CODE_SIGN_STYLE = Automatic;
				INFOPLIST_FILE = Transformers/Info.plist;
				LD_RUNPATH_SEARCH_PATHS = "$(inherited) @executable_path/Frameworks";
				PRODUCT_BUNDLE_IDENTIFIER = com.rifaz.Transformers;
				PRODUCT_NAME = "$(TARGET_NAME)";
				SWIFT_VERSION = 4.0;
				TARGETED_DEVICE_FAMILY = "1,2";
			};
			name = Debug;
		};
		9576DC23206B0E15006F55F0 /* Release */ = {
			isa = XCBuildConfiguration;
			buildSettings = {
				ASSETCATALOG_COMPILER_APPICON_NAME = AppIcon;
				CODE_SIGN_STYLE = Automatic;
				INFOPLIST_FILE = Transformers/Info.plist;
				LD_RUNPATH_SEARCH_PATHS = "$(inherited) @executable_path/Frameworks";
				PRODUCT_BUNDLE_IDENTIFIER = com.rifaz.Transformers;
				PRODUCT_NAME = "$(TARGET_NAME)";
				SWIFT_VERSION = 4.0;
				TARGETED_DEVICE_FAMILY = "1,2";
			};
			name = Release;
		};
/* End XCBuildConfiguration section */

/* Begin XCConfigurationList section */
		9576DC0A206B0E15006F55F0 /* Build configuration list for PBXProject "Transformers" */ = {
			isa = XCConfigurationList;
			buildConfigurations = (
				9576DC1F206B0E15006F55F0 /* Debug */,
				9576DC20206B0E15006F55F0 /* Release */,
			);
			defaultConfigurationIsVisible = 0;
			defaultConfigurationName = Release;
		};
		9576DC21206B0E15006F55F0 /* Build configuration list for PBXNativeTarget "Transformers" */ = {
			isa = XCConfigurationList;
			buildConfigurations = (
				9576DC22206B0E15006F55F0 /* Debug */,
				9576DC23206B0E15006F55F0 /* Release */,
			);
			defaultConfigurationIsVisible = 0;
			defaultConfigurationName = Release;
		};
/* End XCConfigurationList section */
	};
	rootObject = 9576DC07206B0E15006F55F0 /* Project object */;
}
